{
  "lockfile_version": "1",
  "packages": {
    "argocd@3.1.9": {
      "last_modified": "2025-12-31T03:27:36Z",
      "resolved": "github:NixOS/nixpkgs/f665af0cdb70ed27e1bd8f9fdfecaf451260fc55#argocd",
      "source": "devbox-search",
      "version": "3.1.9",
      "systems": {
        "aarch64-darwin": {
          "outputs": [
            {
              "name": "out",
              "path": "/nix/store/qhhdygqqj07yy3v5h792myqc6cd9s752-argocd-3.1.9",
              "default": true
            }
          ],
          "store_path": "/nix/store/qhhdygqqj07yy3v5h792myqc6cd9s752-argocd-3.1.9"
        },
        "aarch64-linux": {
          "outputs": [
            {
              "name": "out",
              "path": "/nix/store/3cf346fgkqrrdg0sibd580567zxy0zpf-argocd-3.1.9",
              "default": true
            }
          ],
          "store_path": "/nix/store/3cf346fgkqrrdg0sibd580567zxy0zpf-argocd-3.1.9"
        },
        "x86_64-darwin": {
          "outputs": [
            {
              "name": "out",
              "path": "/nix/store/ql4npp90nszifmp29mf2kngnbakxn3ji-argocd-3.1.9",
              "default": true
            }
          ],
          "store_path": "/nix/store/ql4npp90nszifmp29mf2kngnbakxn3ji-argocd-3.1.9"
        },
        "x86_64-linux": {
          "outputs": [
            {
              "name": "out",
              "path": "/nix/store/x658bldfq69sdm90fbv4fbgfhvyy5aqr-argocd-3.1.9",
              "default": true
            }
          ],
          "store_path": "/nix/store/x658bldfq69sdm90fbv4fbgfhvyy5aqr-argocd-3.1.9"
        }
      }
    },
    "cilium-cli@0.18.8": {
      "last_modified": "2025-12-31T03:27:36Z",
      "resolved": "github:NixOS/nixpkgs/f665af0cdb70ed27e1bd8f9fdfecaf451260fc55#cilium-cli",
      "source": "devbox-search",
      "version": "0.18.8",
      "systems": {
        "aarch64-darwin": {
          "outputs": [
            {
              "name": "out",
              "path": "/nix/store/h771zhx97dpav72cac61dnc6licj0kvj-cilium-cli-0.18.8",
              "default": true
            }
          ],
          "store_path": "/nix/store/h771zhx97dpav72cac61dnc6licj0kvj-cilium-cli-0.18.8"
        },
        "aarch64-linux": {
          "outputs": [
            {
              "name": "out",
              "path": "/nix/store/sqjc9gk648dd7l3yff13v65sg1smbx2l-cilium-cli-0.18.8",
              "default": true
            }
          ],
          "store_path": "/nix/store/sqjc9gk648dd7l3yff13v65sg1smbx2l-cilium-cli-0.18.8"
        },
        "x86_64-darwin": {
          "outputs": [
            {
              "name": "out",
              "path": "/nix/store/q7fhssxkc52xyn3qc75nnbknrq0i6mdd-cilium-cli-0.18.8",
              "default": true
            }
          ],
          "store_path": "/nix/store/q7fhssxkc52xyn3qc75nnbknrq0i6mdd-cilium-cli-0.18.8"
        },
        "x86_64-linux": {
          "outputs": [
            {
              "name": "out",
              "path": "/nix/store/ii89gm9pcw4hwsnv0af04cqqdj5m9k5x-cilium-cli-0.18.8",
              "default": true
            }
          ],
          "store_path": "/nix/store/ii89gm9pcw4hwsnv0af04cqqdj5m9k5x-cilium-cli-0.18.8"
        }
      }
    },
    "fluxcd@2.7.2": {
      "last_modified": "2025-10-11T06:31:15Z",
      "resolved": "github:NixOS/nixpkgs/362791944032cb532aabbeed7887a441496d5e6e#fluxcd",
      "source": "devbox-search",
      "version": "2.7.2",
      "systems": {
        "aarch64-darwin": {
          "outputs": [
            {
              "name": "out",
              "path": "/nix/store/ryd6llkwawd5syiaay9vw7galqwny2l5-fluxcd-2.7.2",
              "default": true
            }
          ],
          "store_path": "/nix/store/ryd6llkwawd5syiaay9vw7galqwny2l5-fluxcd-2.7.2"
        },
        "aarch64-linux": {
          "outputs": [
            {
              "name": "out",
              "path": "/nix/store/d5fmyw9q1f44s2crzx9zs5q657lq36mb-fluxcd-2.7.2",
              "default": true
            }
          ],
          "store_path": "/nix/store/d5fmyw9q1f44s2crzx9zs5q657lq36mb-fluxcd-2.7.2"
        },
        "x86_64-darwin": {
          "outputs": [
            {
              "name": "out",
              "path": "/nix/store/0i3fl3kzrsx32hbvldpwj7ybh2b2959m-fluxcd-2.7.2",
              "default": true
            }
          ],
          "store_path": "/nix/store/0i3fl3kzrsx32hbvldpwj7ybh2b2959m-fluxcd-2.7.2"
        },
        "x86_64-linux": {
          "outputs": [
            {
              "name": "out",
              "path": "/nix/store/qk8bxgprqhznhwxf522j9g3i09jd7yd0-fluxcd-2.7.2",
              "default": true
            }
          ],
          "store_path": "/nix/store/qk8bxgprqhznhwxf522j9g3i09jd7yd0-fluxcd-2.7.2"
        }
      }
    },
    "github:NixOS/nixpkgs/nixpkgs-unstable": {
      "last_modified": "2025-10-24T23:52:36Z",
      "resolved": "github:NixOS/nixpkgs/02f2cb8e0feb4596d20cc52fda73ccee960e3538?lastModified=1761349956&narHash=sha256-tH3wHnOJms%2BU4k%2FrK2Nn1RfBrhffX92jLP%2F2VndSn0w%3D"
    },
    "hubble@1.18.5": {
      "last_modified": "2026-01-09T13:41:53Z",
      "resolved": "github:NixOS/nixpkgs/5f02c91314c8ba4afe83b256b023756412218535#hubble",
      "source": "devbox-search",
      "version": "1.18.5",
      "systems": {
        "aarch64-darwin": {
          "outputs": [
            {
              "name": "out",
              "path": "/nix/store/3k0pd72vl1v4sy0c99q844h9bnn4di7q-hubble-1.18.5",
              "default": true
            }
          ],
          "store_path": "/nix/store/3k0pd72vl1v4sy0c99q844h9bnn4di7q-hubble-1.18.5"
        },
        "aarch64-linux": {
          "outputs": [
            {
              "name": "out",
              "path": "/nix/store/39y2z1k1f1w1p2n2grp5vpdvk2jaj901-hubble-1.18.5",
              "default": true
            }
          ],
          "store_path": "/nix/store/39y2z1k1f1w1p2n2grp5vpdvk2jaj901-hubble-1.18.5"
        },
        "x86_64-darwin": {
          "outputs": [
            {
              "name": "out",
              "path": "/nix/store/ycg8jr2k5vlzn4rlccyqm1w7r5ld7jnn-hubble-1.18.5",
              "default": true
            }
          ],
          "store_path": "/nix/store/ycg8jr2k5vlzn4rlccyqm1w7r5ld7jnn-hubble-1.18.5"
        },
        "x86_64-linux": {
          "outputs": [
            {
              "name": "out",
              "path": "/nix/store/swb5jdqdzp75zrraf8y4f3dld1bs82rg-hubble-1.18.5",
              "default": true
            }
          ],
          "store_path": "/nix/store/swb5jdqdzp75zrraf8y4f3dld1bs82rg-hubble-1.18.5"
        }
      }
    },
    "istioctl@1.28.2": {
      "last_modified": "2025-12-31T03:27:36Z",
      "resolved": "github:NixOS/nixpkgs/f665af0cdb70ed27e1bd8f9fdfecaf451260fc55#istioctl",
      "source": "devbox-search",
      "version": "1.28.2",
      "systems": {
        "aarch64-darwin": {
          "outputs": [
            {
              "name": "out",
              "path": "/nix/store/831lq539wpih7hhv7y50714rwdwn1p22-istioctl-1.28.2",
              "default": true
            }
          ],
          "store_path": "/nix/store/831lq539wpih7hhv7y50714rwdwn1p22-istioctl-1.28.2"
        },
        "aarch64-linux": {
          "outputs": [
            {
              "name": "out",
              "path": "/nix/store/q0ck4nx4wh6a8ip3b39abdy167rch753-istioctl-1.28.2",
              "default": true
            }
          ],
          "store_path": "/nix/store/q0ck4nx4wh6a8ip3b39abdy167rch753-istioctl-1.28.2"
        },
        "x86_64-darwin": {
          "outputs": [
            {
              "name": "out",
              "path": "/nix/store/5dxn8dqyhps56kjb31x9z76qy6wksr8g-istioctl-1.28.2",
              "default": true
            }
          ],
          "store_path": "/nix/store/5dxn8dqyhps56kjb31x9z76qy6wksr8g-istioctl-1.28.2"
        },
        "x86_64-linux": {
          "outputs": [
            {
              "name": "out",
              "path": "/nix/store/iyymhkmw7a5wmx1ad0daxy7is3ym33r3-istioctl-1.28.2",
              "default": true
            }
          ],
          "store_path": "/nix/store/iyymhkmw7a5wmx1ad0daxy7is3ym33r3-istioctl-1.28.2"
        }
      }
    },
    "kn@1.20.0": {
      "last_modified": "2025-11-25T14:41:04Z",
      "resolved": "github:NixOS/nixpkgs/dc205f7b4fdb04c8b7877b43edb7b73be7730081#kn",
      "source": "devbox-search",
      "version": "1.20.0",
      "systems": {
        "aarch64-darwin": {
          "outputs": [
            {
              "name": "out",
              "path": "/nix/store/bmvcmydvv3x3pw3r1idp9ahbpqzay0vx-kn-1.20.0",
              "default": true
            }
          ],
          "store_path": "/nix/store/bmvcmydvv3x3pw3r1idp9ahbpqzay0vx-kn-1.20.0"
        },
        "aarch64-linux": {
          "outputs": [
            {
              "name": "out",
              "path": "/nix/store/ahfz9193r38g4g966qab427yc81p70km-kn-1.20.0",
              "default": true
            }
          ],
          "store_path": "/nix/store/ahfz9193r38g4g966qab427yc81p70km-kn-1.20.0"
        },
        "x86_64-darwin": {
          "outputs": [
            {
              "name": "out",
              "path": "/nix/store/pk8yv69g6l0f2ic18gwsfyy0hb5986mv-kn-1.20.0",
              "default": true
            }
          ],
          "store_path": "/nix/store/pk8yv69g6l0f2ic18gwsfyy0hb5986mv-kn-1.20.0"
        },
        "x86_64-linux": {
          "outputs": [
            {
              "name": "out",
              "path": "/nix/store/bsknvy1wpvgpipk34qdfkxn9yw8w2rmr-kn-1.20.0",
              "default": true
            }
          ],
          "store_path": "/nix/store/bsknvy1wpvgpipk34qdfkxn9yw8w2rmr-kn-1.20.0"
        }
      }
    },
    "ollama@0.14.1": {
      "last_modified": "2026-01-16T13:18:18Z",
      "resolved": "github:NixOS/nixpkgs/be5afa0fcb31f0a96bf9ecba05a516c66fcd8114#ollama",
      "source": "devbox-search",
      "version": "0.14.1",
      "systems": {
        "aarch64-darwin": {
          "outputs": [
            {
              "name": "out",
              "path": "/nix/store/lwzs9gsv96aj6nfpfj398k0wxpv3masl-ollama-0.14.1",
              "default": true
            }
          ],
          "store_path": "/nix/store/lwzs9gsv96aj6nfpfj398k0wxpv3masl-ollama-0.14.1"
        },
        "aarch64-linux": {
          "outputs": [
            {
              "name": "out",
              "path": "/nix/store/s3zmkl6kfv7xyqw2pmwmz4fqi326d6qr-ollama-0.14.1",
              "default": true
            }
          ],
          "store_path": "/nix/store/s3zmkl6kfv7xyqw2pmwmz4fqi326d6qr-ollama-0.14.1"
        },
        "x86_64-darwin": {
          "outputs": [
            {
              "name": "out",
              "path": "/nix/store/f21jxq5ylfikhs2ws0miagw7irfs0l1a-ollama-0.14.1",
              "default": true
            }
          ],
          "store_path": "/nix/store/f21jxq5ylfikhs2ws0miagw7irfs0l1a-ollama-0.14.1"
        },
        "x86_64-linux": {
          "outputs": [
            {
              "name": "out",
              "path": "/nix/store/dxdgbx148r23krz9wmbggm1skc42x6qv-ollama-0.14.1",
              "default": true
            }
          ],
          "store_path": "/nix/store/dxdgbx148r23krz9wmbggm1skc42x6qv-ollama-0.14.1"
        }
      }
    },
    "sshpass@latest": {
      "last_modified": "2025-10-07T08:41:47Z",
      "resolved": "github:NixOS/nixpkgs/bce5fe2bb998488d8e7e7856315f90496723793c#sshpass",
      "source": "devbox-search",
      "version": "1.10",
      "systems": {
        "aarch64-darwin": {
          "outputs": [
            {
              "name": "out",
              "path": "/nix/store/1c36yvxrr9lgwab6n34qbzm7za4rqwgy-sshpass-1.10",
              "default": true
            }
          ],
          "store_path": "/nix/store/1c36yvxrr9lgwab6n34qbzm7za4rqwgy-sshpass-1.10"
        },
        "aarch64-linux": {
          "outputs": [
            {
              "name": "out",
              "path": "/nix/store/9rc4w1ivkcycfys55lwig7wkxrcxmwjr-sshpass-1.10",
              "default": true
            }
          ],
          "store_path": "/nix/store/9rc4w1ivkcycfys55lwig7wkxrcxmwjr-sshpass-1.10"
        },
        "x86_64-darwin": {
          "outputs": [
            {
              "name": "out",
              "path": "/nix/store/qj5z2dvdfbzd2lss0v8id713v1byl21c-sshpass-1.10",
              "default": true
            }
          ],
          "store_path": "/nix/store/qj5z2dvdfbzd2lss0v8id713v1byl21c-sshpass-1.10"
        },
        "x86_64-linux": {
          "outputs": [
            {
              "name": "out",
              "path": "/nix/store/l5wkc3kki89g60fxs6s8rpbx5asm52aq-sshpass-1.10",
              "default": true
            }
          ],
          "store_path": "/nix/store/l5wkc3kki89g60fxs6s8rpbx5asm52aq-sshpass-1.10"
        }
      }
    },
    "vault@1.20.4": {
      "last_modified": "2025-10-08T10:03:27Z",
      "resolved": "github:NixOS/nixpkgs/fb5cf53218b987f2703a5bbc292a030c0fe33443#vault",
      "source": "devbox-search",
      "version": "1.20.4",
      "systems": {
        "aarch64-darwin": {
          "outputs": [
            {
              "name": "out",
              "path": "/nix/store/0xigkampydc711m7zhcnd4w6ssy1zbdr-vault-1.20.4",
              "default": true
            }
          ],
          "store_path": "/nix/store/0xigkampydc711m7zhcnd4w6ssy1zbdr-vault-1.20.4"
        },
        "aarch64-linux": {
          "outputs": [
            {
              "name": "out",
              "path": "/nix/store/1yz5yk6182rxmzzg1gsg0404jqhls6zr-vault-1.20.4",
              "default": true
            }
          ],
          "store_path": "/nix/store/1yz5yk6182rxmzzg1gsg0404jqhls6zr-vault-1.20.4"
        },
        "x86_64-darwin": {
          "outputs": [
            {
              "name": "out",
              "path": "/nix/store/00va2ckj68abi87l232lhj7cys6y3fmz-vault-1.20.4",
              "default": true
            }
          ],
          "store_path": "/nix/store/00va2ckj68abi87l232lhj7cys6y3fmz-vault-1.20.4"
        },
        "x86_64-linux": {
          "outputs": [
            {
              "name": "out",
              "path": "/nix/store/9xjjxy2jzqysns9s45cp9h2iaihdl24c-vault-1.20.4",
              "default": true
            }
          ],
          "store_path": "/nix/store/9xjjxy2jzqysns9s45cp9h2iaihdl24c-vault-1.20.4"
        }
      }
    },
    "velero@1.17.2": {
      "last_modified": "2026-01-17T14:47:01Z",
      "resolved": "github:NixOS/nixpkgs/3327b113f2ef698d380df83fbccefad7e83d7769#velero",
      "source": "devbox-search",
      "version": "1.17.2",
      "systems": {
        "aarch64-darwin": {
          "outputs": [
            {
              "name": "out",
              "path": "/nix/store/820yi1g5fj4s2cp7yf9834mbljm9ih20-velero-1.17.2",
              "default": true
            }
          ],
          "store_path": "/nix/store/820yi1g5fj4s2cp7yf9834mbljm9ih20-velero-1.17.2"
        },
        "aarch64-linux": {
          "outputs": [
            {
              "name": "out",
              "path": "/nix/store/0swfa9wvpr689mszn9ar6p9fnsawq912-velero-1.17.2",
              "default": true
            }
          ],
          "store_path": "/nix/store/0swfa9wvpr689mszn9ar6p9fnsawq912-velero-1.17.2"
        },
        "x86_64-darwin": {
          "outputs": [
            {
              "name": "out",
              "path": "/nix/store/3xj5hzjy4d9jih75scvlz7fdwq068jhh-velero-1.17.2",
              "default": true
            }
          ],
          "store_path": "/nix/store/3xj5hzjy4d9jih75scvlz7fdwq068jhh-velero-1.17.2"
        },
        "x86_64-linux": {
          "outputs": [
            {
              "name": "out",
              "path": "/nix/store/ca406s5c5awf3a6k529fa5k5cmzwb7rj-velero-1.17.2",
              "default": true
            }
          ],
          "store_path": "/nix/store/ca406s5c5awf3a6k529fa5k5cmzwb7rj-velero-1.17.2"
        }
      }
    }
  }
}
