{
  "lockfile_version": "1",
  "packages": {
    "cilium-cli@latest": {
      "last_modified": "2025-08-05T11:35:34Z",
      "resolved": "github:NixOS/nixpkgs/a683adc19ff5228af548c6539dbc3440509bfed3#cilium-cli",
      "source": "devbox-search",
      "version": "0.18.6",
      "systems": {
        "aarch64-darwin": {
          "outputs": [
            {
              "name": "out",
              "path": "/nix/store/ycj2v9f0cl5xszzhyixd3acwmlh4yapy-cilium-cli-0.18.6",
              "default": true
            }
          ],
          "store_path": "/nix/store/ycj2v9f0cl5xszzhyixd3acwmlh4yapy-cilium-cli-0.18.6"
        },
        "aarch64-linux": {
          "outputs": [
            {
              "name": "out",
              "path": "/nix/store/3zaddxxb2qvs9jynp3vcfxq06jl2miv5-cilium-cli-0.18.6",
              "default": true
            }
          ],
          "store_path": "/nix/store/3zaddxxb2qvs9jynp3vcfxq06jl2miv5-cilium-cli-0.18.6"
        },
        "x86_64-darwin": {
          "outputs": [
            {
              "name": "out",
              "path": "/nix/store/xcaa6n1w491iz7lvvm9yqshfgxcnf7yr-cilium-cli-0.18.6",
              "default": true
            }
          ],
          "store_path": "/nix/store/xcaa6n1w491iz7lvvm9yqshfgxcnf7yr-cilium-cli-0.18.6"
        },
        "x86_64-linux": {
          "outputs": [
            {
              "name": "out",
              "path": "/nix/store/b2nzz1lrwfd8yqx0xwkwwbdvbifdkz58-cilium-cli-0.18.6",
              "default": true
            }
          ],
          "store_path": "/nix/store/b2nzz1lrwfd8yqx0xwkwwbdvbifdkz58-cilium-cli-0.18.6"
        }
      }
    },
    "fluxcd@latest": {
      "last_modified": "2025-07-28T17:09:23Z",
      "resolved": "github:NixOS/nixpkgs/648f70160c03151bc2121d179291337ad6bc564b#fluxcd",
      "source": "devbox-search",
      "version": "2.6.4",
      "systems": {
        "aarch64-darwin": {
          "outputs": [
            {
              "name": "out",
              "path": "/nix/store/jgna9fk3la2l3736ihik3h3p59aghlmx-fluxcd-2.6.4",
              "default": true
            }
          ],
          "store_path": "/nix/store/jgna9fk3la2l3736ihik3h3p59aghlmx-fluxcd-2.6.4"
        },
        "aarch64-linux": {
          "outputs": [
            {
              "name": "out",
              "path": "/nix/store/i1qx6ndiv3v859jacpvl60lnjqxd540x-fluxcd-2.6.4",
              "default": true
            }
          ],
          "store_path": "/nix/store/i1qx6ndiv3v859jacpvl60lnjqxd540x-fluxcd-2.6.4"
        },
        "x86_64-darwin": {
          "outputs": [
            {
              "name": "out",
              "path": "/nix/store/m6fw3ixmn20vxj36imbhr6020iny1naa-fluxcd-2.6.4",
              "default": true
            }
          ],
          "store_path": "/nix/store/m6fw3ixmn20vxj36imbhr6020iny1naa-fluxcd-2.6.4"
        },
        "x86_64-linux": {
          "outputs": [
            {
              "name": "out",
              "path": "/nix/store/1qkyk14cx2pgf2xd0apal2nd5svkgnw1-fluxcd-2.6.4",
              "default": true
            }
          ],
          "store_path": "/nix/store/1qkyk14cx2pgf2xd0apal2nd5svkgnw1-fluxcd-2.6.4"
        }
      }
    },
    "github:NixOS/nixpkgs/nixpkgs-unstable": {
      "last_modified": "2025-08-09T03:53:37Z",
      "resolved": "github:NixOS/nixpkgs/00b574b1ba8a352f0601c4dde4faff4b534ebb1e?lastModified=1754711617&narHash=sha256-WrZ280bT6NzNbBo%2BCKeJA%2FNW1rhvN%2FRUPZczqCpu2mI%3D"
    },
    "hubble@latest": {
      "last_modified": "2025-07-28T17:09:23Z",
      "resolved": "github:NixOS/nixpkgs/648f70160c03151bc2121d179291337ad6bc564b#hubble",
      "source": "devbox-search",
      "version": "1.17.2",
      "systems": {
        "aarch64-darwin": {
          "outputs": [
            {
              "name": "out",
              "path": "/nix/store/r77xjjj9v6kq5b1j6dnhp5m7rdbbkdxq-hubble-1.17.2",
              "default": true
            }
          ],
          "store_path": "/nix/store/r77xjjj9v6kq5b1j6dnhp5m7rdbbkdxq-hubble-1.17.2"
        },
        "aarch64-linux": {
          "outputs": [
            {
              "name": "out",
              "path": "/nix/store/j9lp9nd556r9m4qwxzfjb09rmv7ss3fz-hubble-1.17.2",
              "default": true
            }
          ],
          "store_path": "/nix/store/j9lp9nd556r9m4qwxzfjb09rmv7ss3fz-hubble-1.17.2"
        },
        "x86_64-darwin": {
          "outputs": [
            {
              "name": "out",
              "path": "/nix/store/2g230w8ygxb5j5a35krzxmcwb504rcxc-hubble-1.17.2",
              "default": true
            }
          ],
          "store_path": "/nix/store/2g230w8ygxb5j5a35krzxmcwb504rcxc-hubble-1.17.2"
        },
        "x86_64-linux": {
          "outputs": [
            {
              "name": "out",
              "path": "/nix/store/nf154sbs85x7wvby1zpgc7bcw00d4p6i-hubble-1.17.2",
              "default": true
            }
          ],
          "store_path": "/nix/store/nf154sbs85x7wvby1zpgc7bcw00d4p6i-hubble-1.17.2"
        }
      }
    },
    "istioctl@latest": {
      "last_modified": "2025-07-31T04:07:16Z",
      "resolved": "github:NixOS/nixpkgs/8679b16e11becd487b45d568358ddf9d5640d860#istioctl",
      "source": "devbox-search",
      "version": "1.26.3",
      "systems": {
        "aarch64-darwin": {
          "outputs": [
            {
              "name": "out",
              "path": "/nix/store/nai5g3gz2gznj7ckjln8jilzx1s5scfp-istioctl-1.26.3",
              "default": true
            }
          ],
          "store_path": "/nix/store/nai5g3gz2gznj7ckjln8jilzx1s5scfp-istioctl-1.26.3"
        },
        "aarch64-linux": {
          "outputs": [
            {
              "name": "out",
              "path": "/nix/store/5nx6jy6h6zlmi77kzm6083c6iwrsimz8-istioctl-1.26.3",
              "default": true
            }
          ],
          "store_path": "/nix/store/5nx6jy6h6zlmi77kzm6083c6iwrsimz8-istioctl-1.26.3"
        },
        "x86_64-darwin": {
          "outputs": [
            {
              "name": "out",
              "path": "/nix/store/0y5m7j1mk24k3hv7lbbl53r82b8fsp0k-istioctl-1.26.3",
              "default": true
            }
          ],
          "store_path": "/nix/store/0y5m7j1mk24k3hv7lbbl53r82b8fsp0k-istioctl-1.26.3"
        },
        "x86_64-linux": {
          "outputs": [
            {
              "name": "out",
              "path": "/nix/store/684z8bjwk8cr3f6ihs11dzwrhylp70h7-istioctl-1.26.3",
              "default": true
            }
          ],
          "store_path": "/nix/store/684z8bjwk8cr3f6ihs11dzwrhylp70h7-istioctl-1.26.3"
        }
      }
    },
    "kn@latest": {
      "last_modified": "2025-08-04T03:33:26Z",
      "resolved": "github:NixOS/nixpkgs/6a489c9482ca676ce23c0bcd7f2e1795383325fa#kn",
      "source": "devbox-search",
      "version": "1.19.0",
      "systems": {
        "aarch64-darwin": {
          "outputs": [
            {
              "name": "out",
              "path": "/nix/store/chva6ixljiil7qkzpbfjii0fnyhsjlv0-kn-1.19.0",
              "default": true
            }
          ],
          "store_path": "/nix/store/chva6ixljiil7qkzpbfjii0fnyhsjlv0-kn-1.19.0"
        },
        "aarch64-linux": {
          "outputs": [
            {
              "name": "out",
              "path": "/nix/store/4sg82bk5xhjnkrfq9wzr7l4p16afs0sc-kn-1.19.0",
              "default": true
            }
          ],
          "store_path": "/nix/store/4sg82bk5xhjnkrfq9wzr7l4p16afs0sc-kn-1.19.0"
        },
        "x86_64-darwin": {
          "outputs": [
            {
              "name": "out",
              "path": "/nix/store/kkrvrb4vv3c1mbff95g5yhyw73gndfjl-kn-1.19.0",
              "default": true
            }
          ],
          "store_path": "/nix/store/kkrvrb4vv3c1mbff95g5yhyw73gndfjl-kn-1.19.0"
        },
        "x86_64-linux": {
          "outputs": [
            {
              "name": "out",
              "path": "/nix/store/jp31aw555cscd75s47bqf35krwh7qilc-kn-1.19.0",
              "default": true
            }
          ],
          "store_path": "/nix/store/jp31aw555cscd75s47bqf35krwh7qilc-kn-1.19.0"
        }
      }
    },
    "ollama@latest": {
      "last_modified": "2025-08-01T06:30:45Z",
      "resolved": "github:NixOS/nixpkgs/a7822a17050fedda63794775b9090880c8214290#ollama",
      "source": "devbox-search",
      "version": "0.10.0",
      "systems": {
        "aarch64-darwin": {
          "outputs": [
            {
              "name": "out",
              "path": "/nix/store/2x1v2ny8783ybrz7bbay5bs06plgpdgh-ollama-0.10.0",
              "default": true
            }
          ],
          "store_path": "/nix/store/2x1v2ny8783ybrz7bbay5bs06plgpdgh-ollama-0.10.0"
        },
        "aarch64-linux": {
          "outputs": [
            {
              "name": "out",
              "path": "/nix/store/xsy98cz0yad3bd4s24i6x695ml09jqbi-ollama-0.10.0",
              "default": true
            }
          ],
          "store_path": "/nix/store/xsy98cz0yad3bd4s24i6x695ml09jqbi-ollama-0.10.0"
        },
        "x86_64-darwin": {
          "outputs": [
            {
              "name": "out",
              "path": "/nix/store/59r6ivzxnakhnp89z72lh88b12n0yssd-ollama-0.10.0",
              "default": true
            }
          ],
          "store_path": "/nix/store/59r6ivzxnakhnp89z72lh88b12n0yssd-ollama-0.10.0"
        },
        "x86_64-linux": {
          "outputs": [
            {
              "name": "out",
              "path": "/nix/store/9j7l7cia0wnxi5fffa5h32zs81h1c7c9-ollama-0.10.0",
              "default": true
            }
          ],
          "store_path": "/nix/store/9j7l7cia0wnxi5fffa5h32zs81h1c7c9-ollama-0.10.0"
        }
      }
    },
    "vault@latest": {
      "last_modified": "2025-08-02T08:13:18Z",
      "resolved": "github:NixOS/nixpkgs/c02d05bcf73fb496c604798c2268ed424a09e73e#vault",
      "source": "devbox-search",
      "version": "1.20.1",
      "systems": {
        "aarch64-darwin": {
          "outputs": [
            {
              "name": "out",
              "path": "/nix/store/chxi0x46qpkzminw8krjnvvqzq8b4xy1-vault-1.20.1",
              "default": true
            }
          ],
          "store_path": "/nix/store/chxi0x46qpkzminw8krjnvvqzq8b4xy1-vault-1.20.1"
        },
        "aarch64-linux": {
          "outputs": [
            {
              "name": "out",
              "path": "/nix/store/a5ncj2j6hs4ysskmxsm3azzb0hkk375p-vault-1.20.1",
              "default": true
            }
          ],
          "store_path": "/nix/store/a5ncj2j6hs4ysskmxsm3azzb0hkk375p-vault-1.20.1"
        },
        "x86_64-darwin": {
          "outputs": [
            {
              "name": "out",
              "path": "/nix/store/iad8gx9f43l6gjq6mdy1yy7sqcbaq26k-vault-1.20.1",
              "default": true
            }
          ],
          "store_path": "/nix/store/iad8gx9f43l6gjq6mdy1yy7sqcbaq26k-vault-1.20.1"
        },
        "x86_64-linux": {
          "outputs": [
            {
              "name": "out",
              "path": "/nix/store/swkzjkr1f31pr9pcg16ffs6zhvavh4b3-vault-1.20.1",
              "default": true
            }
          ],
          "store_path": "/nix/store/swkzjkr1f31pr9pcg16ffs6zhvavh4b3-vault-1.20.1"
        }
      }
    }
  }
}
